
Microsoft Visual Studio Solution File, Format Version 12.00
# Visual Studio Version 17
VisualStudioVersion = 17.7.34031.279
MinimumVisualStudioVersion = 10.0.40219.1
Project("{FAE04EC0-301F-11D3-BF4B-00C04F79EFBC}") = "IntroToGitNet_WebAssembly", "IntroToGitNet_WebAssembly\IntroToGitNet_WebAssembly.csproj", "{8BA6282A-0FF0-4A6A-A22A-D4AD7EF151EE}"
EndProject
Global
	GlobalSection(SolutionConfigurationPlatforms) = preSolution
		Debug|Any CPU = Debug|Any CPU
		Release|Any CPU = Release|Any CPU
	EndGlobalSection
	GlobalSection(ProjectConfigurationPlatforms) = postSolution
		{8BA6282A-0FF0-4A6A-A22A-D4AD7EF151EE}.Debug|Any CPU.ActiveCfg = Debug|Any CPU
		{8BA6282A-0FF0-4A6A-A22A-D4AD7EF151EE}.Debug|Any CPU.Build.0 = Debug|Any CPU
		{8BA6282A-0FF0-4A6A-A22A-D4AD7EF151EE}.Release|Any CPU.ActiveCfg = Release|Any CPU
		{8BA6282A-0FF0-4A6A-A22A-D4AD7EF151EE}.Release|Any CPU.Build.0 = Release|Any CPU
	EndGlobalSection
	GlobalSection(SolutionProperties) = preSolution
		HideSolutionNode = FALSE
	EndGlobalSection
	GlobalSection(ExtensibilityGlobals) = postSolution
		SolutionGuid = {9186111D-3B4C-4C57-9561-AF6E046F1A4F}
	EndGlobalSection
EndGlobal
